<?xml version="1.0" encoding="UTF-8"?>
<Scheme
   LastUpgradeVersion = "0830"
   version = "1.3">
   <BuildAction
      parallelizeBuildables = "YES"
      buildImplicitDependencies = "YES">
      <BuildActionEntries>
         <BuildActionEntry
            buildForTesting = "YES"
            buildForRunning = "YES"
            buildForProfiling = "YES"
            buildForArchiving = "YES"
            buildForAnalyzing = "YES">
            <BuildableReference
               BuildableIdentifier = "primary"
               BlueprintIdentifier = "A6768B621F0F73FD0009BCDC"
               BuildableName = "&#x817e;&#x8baf;&#x65b0;&#x95fb;&#x6a21;&#x4eff;.app"
               BlueprintName = "&#x817e;&#x8baf;&#x65b0;&#x95fb;&#x6a21;&#x4eff;"
               ReferencedContainer = "container:&#x817e;&#x8baf;&#x65b0;&#x95fb;&#x6a21;&#x4eff;.xcodeproj">
            </BuildableReference>
         </BuildActionEntry>
      </BuildActionEntries>
   </BuildAction>
   <TestAction
      buildConfiguration = "Debug"
      selectedDebuggerIdentifier = "Xcode.DebuggerFoundation.Debugger.LLDB"
      selectedLauncherIdentifier = "Xcode.DebuggerFoundation.Launcher.LLDB"
      shouldUseLaunchSchemeArgsEnv = "YES">
      <Testables>
         <TestableReference
            skipped = "NO">
            <BuildableReference
               BuildableIdentifier = "primary"
               BlueprintIdentifier = "A6768B7B1F0F73FD0009BCDC"
               BuildableName = "&#x817e;&#x8baf;&#x65b0;&#x95fb;&#x6a21;&#x4eff;Tests.xctest"
               BlueprintName = "&#x817e;&#x8baf;&#x65b0;&#x95fb;&#x6a21;&#x4eff;Tests"
               ReferencedContainer = "container:&#x817e;&#x8baf;&#x65b0;&#x95fb;&#x6a21;&#x4eff;.xcodeproj">
            </BuildableReference>
         </TestableReference>
         <TestableReference
            skipped = "NO">
            <BuildableReference
               BuildableIdentifier = "primary"
               BlueprintIdentifier = "A6768B861F0F73FD0009BCDC"
               BuildableName = "&#x817e;&#x8baf;&#x65b0;&#x95fb;&#x6a21;&#x4eff;UITests.xctest"
               BlueprintName = "&#x817e;&#x8baf;&#x65b0;&#x95fb;&#x6a21;&#x4eff;UITests"
               ReferencedContainer = "container:&#x817e;&#x8baf;&#x65b0;&#x95fb;&#x6a21;&#x4eff;.xcodeproj">
            </BuildableReference>
         </TestableReference>
      </Testables>
      <MacroExpansion>
         <BuildableReference
            BuildableIdentifier = "primary"
            BlueprintIdentifier = "A6768B621F0F73FD0009BCDC"
            BuildableName = "&#x817e;&#x8baf;&#x65b0;&#x95fb;&#x6a21;&#x4eff;.app"
            BlueprintName = "&#x817e;&#x8baf;&#x65b0;&#x95fb;&#x6a21;&#x4eff;"
            ReferencedContainer = "container:&#x817e;&#x8baf;&#x65b0;&#x95fb;&#x6a21;&#x4eff;.xcodeproj">
         </BuildableReference>
      </MacroExpansion>
      <AdditionalOptions>
      </AdditionalOptions>
   </TestAction>
   <LaunchAction
      buildConfiguration = "Debug"
      selectedDebuggerIdentifier = "Xcode.DebuggerFoundation.Debugger.LLDB"
      selectedLauncherIdentifier = "Xcode.DebuggerFoundation.Launcher.LLDB"
      launchStyle = "0"
      useCustomWorkingDirectory = "NO"
      ignoresPersistentStateOnLaunch = "NO"
      debugDocumentVersioning = "YES"
      debugServiceExtension = "internal"
      allowLocationSimulation = "YES">
      <BuildableProductRunnable
         runnableDebuggingMode = "0">
         <BuildableReference
            BuildableIdentifier = "primary"
            BlueprintIdentifier = "A6768B621F0F73FD0009BCDC"
            BuildableName = "&#x817e;&#x8baf;&#x65b0;&#x95fb;&#x6a21;&#x4eff;.app"
            BlueprintName = "&#x817e;&#x8baf;&#x65b0;&#x95fb;&#x6a21;&#x4eff;"
            ReferencedContainer = "container:&#x817e;&#x8baf;&#x65b0;&#x95fb;&#x6a21;&#x4eff;.xcodeproj">
         </BuildableReference>
      </BuildableProductRunnable>
      <AdditionalOptions>
      </AdditionalOptions>
   </LaunchAction>
   <ProfileAction
      buildConfiguration = "Release"
      shouldUseLaunchSchemeArgsEnv = "YES"
      savedToolIdentifier = ""
      useCustomWorkingDirectory = "NO"
      debugDocumentVersioning = "YES">
      <BuildableProductRunnable
         runnableDebuggingMode = "0">
         <BuildableReference
            BuildableIdentifier = "primary"
            BlueprintIdentifier = "A6768B621F0F73FD0009BCDC"
            BuildableName = "&#x817e;&#x8baf;&#x65b0;&#x95fb;&#x6a21;&#x4eff;.app"
            BlueprintName = "&#x817e;&#x8baf;&#x65b0;&#x95fb;&#x6a21;&#x4eff;"
            ReferencedContainer = "container:&#x817e;&#x8baf;&#x65b0;&#x95fb;&#x6a21;&#x4eff;.xcodeproj">
         </BuildableReference>
      </BuildableProductRunnable>
   </ProfileAction>
   <AnalyzeAction
      buildConfiguration = "Debug">
   </AnalyzeAction>
   <ArchiveAction
      buildConfiguration = "Release"
      revealArchiveInOrganizer = "YES">
   </ArchiveAction>
</Scheme>
